// !$*UTF8*$!
{
	archiveVersion = 1;
	classes = {
	};
	objectVersion = 77;
	objects = {

/* Begin PBXBuildFile section */
		083369DB2EE57F1D003B2FEF /* String+Validation.swift in Sources */ = {isa = PBXBuildFile; fileRef = 083369DA2EE57F1D003B2FEF /* String+Validation.swift */; };
		088F25E92EE50A8000E89167 /* Assets.xcassets in Resources */ = {isa = PBXBuildFile; fileRef = 088F25E42EE50A8000E89167 /* Assets.xcassets */; };
		088F25EA2EE50A8000E89167 /* ContentView.swift in Sources */ = {isa = PBXBuildFile; fileRef = 088F25E52EE50A8000E89167 /* ContentView.swift */; };
		088F25EB2EE50A8000E89167 /* Item.swift in Sources */ = {isa = PBXBuildFile; fileRef = 088F25E62EE50A8000E89167 /* Item.swift */; };
		088F25EC2EE50A8000E89167 /* Project2_MI3390_20251App.swift in Sources */ = {isa = PBXBuildFile; fileRef = 088F25E72EE50A8000E89167 /* Project2_MI3390_20251App.swift */; };
		088F26062EE50C0900E89167 /* .gitignore in Resources */ = {isa = PBXBuildFile; fileRef = 088F26052EE50C0900E89167 /* .gitignore */; };
		088F26092EE50D3100E89167 /* SurveyModel.swift in Sources */ = {isa = PBXBuildFile; fileRef = 088F26082EE50D3100E89167 /* SurveyModel.swift */; };
		088F260C2EE50D3900E89167 /* SurveyView.swift in Sources */ = {isa = PBXBuildFile; fileRef = 088F260A2EE50D3900E89167 /* SurveyView.swift */; };
		088F260D2EE50D3900E89167 /* SurveyOptionRow.swift in Sources */ = {isa = PBXBuildFile; fileRef = 088F260B2EE50D3900E89167 /* SurveyOptionRow.swift */; };
		088F26102EE50D4700E89167 /* SurveyViewModel.swift in Sources */ = {isa = PBXBuildFile; fileRef = 088F260F2EE50D4700E89167 /* SurveyViewModel.swift */; };
		088F26122EE510E300E89167 /* SplashScreenView.swift in Sources */ = {isa = PBXBuildFile; fileRef = 088F26112EE510E300E89167 /* SplashScreenView.swift */; };
		088F26142EE5113C00E89167 /* RootView.swift in Sources */ = {isa = PBXBuildFile; fileRef = 088F26132EE5113C00E89167 /* RootView.swift */; };
/* End PBXBuildFile section */

/* Begin PBXFileReference section */
		083369DA2EE57F1D003B2FEF /* String+Validation.swift */ = {isa = PBXFileReference; lastKnownFileType = sourcecode.swift; path = "String+Validation.swift"; sourceTree = "<group>"; };
		088F25D42EE50A4200E89167 /* Project2_MI3390_20251.app */ = {isa = PBXFileReference; explicitFileType = wrapper.application; includeInIndex = 0; path = Project2_MI3390_20251.app; sourceTree = BUILT_PRODUCTS_DIR; };
		088F25E42EE50A8000E89167 /* Assets.xcassets */ = {isa = PBXFileReference; lastKnownFileType = folder.assetcatalog; path = Assets.xcassets; sourceTree = "<group>"; };
		088F25E52EE50A8000E89167 /* ContentView.swift */ = {isa = PBXFileReference; lastKnownFileType = sourcecode.swift; path = ContentView.swift; sourceTree = "<group>"; };
		088F25E62EE50A8000E89167 /* Item.swift */ = {isa = PBXFileReference; lastKnownFileType = sourcecode.swift; path = Item.swift; sourceTree = "<group>"; };
		088F25E72EE50A8000E89167 /* Project2_MI3390_20251App.swift */ = {isa = PBXFileReference; lastKnownFileType = sourcecode.swift; path = Project2_MI3390_20251App.swift; sourceTree = "<group>"; };
		088F26052EE50C0900E89167 /* .gitignore */ = {isa = PBXFileReference; lastKnownFileType = text; path = .gitignore; sourceTree = "<group>"; };
		088F26082EE50D3100E89167 /* SurveyModel.swift */ = {isa = PBXFileReference; lastKnownFileType = sourcecode.swift; path = SurveyModel.swift; sourceTree = "<group>"; };
		088F260A2EE50D3900E89167 /* SurveyView.swift */ = {isa = PBXFileReference; lastKnownFileType = sourcecode.swift; path = SurveyView.swift; sourceTree = "<group>"; };
		088F260B2EE50D3900E89167 /* SurveyOptionRow.swift */ = {isa = PBXFileReference; lastKnownFileType = sourcecode.swift; path = SurveyOptionRow.swift; sourceTree = "<group>"; };
		088F260F2EE50D4700E89167 /* SurveyViewModel.swift */ = {isa = PBXFileReference; lastKnownFileType = sourcecode.swift; path = SurveyViewModel.swift; sourceTree = "<group>"; };
		088F26112EE510E300E89167 /* SplashScreenView.swift */ = {isa = PBXFileReference; lastKnownFileType = sourcecode.swift; path = SplashScreenView.swift; sourceTree = "<group>"; };
		088F26132EE5113C00E89167 /* RootView.swift */ = {isa = PBXFileReference; lastKnownFileType = sourcecode.swift; path = RootView.swift; sourceTree = "<group>"; };
/* End PBXFileReference section */

/* Begin PBXFrameworksBuildPhase section */
		088F25D12EE50A4200E89167 /* Frameworks */ = {
			isa = PBXFrameworksBuildPhase;
			buildActionMask = 2147483647;
			files = (
			);
			runOnlyForDeploymentPostprocessing = 0;
		};
/* End PBXFrameworksBuildPhase section */

/* Begin PBXGroup section */
		088F25CB2EE50A4200E89167 = {
			isa = PBXGroup;
			children = (
				088F25E82EE50A8000E89167 /* Project2_MI3390_20251 */,
				088F25D52EE50A4200E89167 /* Products */,
			);
			sourceTree = "<group>";
		};
		088F25D52EE50A4200E89167 /* Products */ = {
			isa = PBXGroup;
			children = (
				088F25D42EE50A4200E89167 /* Project2_MI3390_20251.app */,
			);
			name = Products;
			sourceTree = "<group>";
		};
		088F25E82EE50A8000E89167 /* Project2_MI3390_20251 */ = {
			isa = PBXGroup;
			children = (
				088F26052EE50C0900E89167 /* .gitignore */,
				088F25ED2EE50A9D00E89167 /* App */,
				088F25F12EE50AD400E89167 /* Core */,
				088F25EE2EE50A9F00E89167 /* Data */,
				088F25EF2EE50AAB00E89167 /* Views */,
				088F25F02EE50AAE00E89167 /* ViewModels */,
				088F25E42EE50A8000E89167 /* Assets.xcassets */,
				088F25E62EE50A8000E89167 /* Item.swift */,
			);
			path = Project2_MI3390_20251;
			sourceTree = "<group>";
		};
		088F25ED2EE50A9D00E89167 /* App */ = {
			isa = PBXGroup;
			children = (
				088F26132EE5113C00E89167 /* RootView.swift */,
				088F25E52EE50A8000E89167 /* ContentView.swift */,
				088F25E72EE50A8000E89167 /* Project2_MI3390_20251App.swift */,
			);
			path = App;
			sourceTree = "<group>";
		};
		088F25EE2EE50A9F00E89167 /* Data */ = {
			isa = PBXGroup;
			children = (
				088F25F52EE50AFC00E89167 /* Models */,
				088F25F62EE50B0200E89167 /* Services */,
			);
			path = Data;
			sourceTree = "<group>";
		};
		088F25EF2EE50AAB00E89167 /* Views */ = {
			isa = PBXGroup;
			children = (
				088F25F72EE50B0E00E89167 /* Authentication */,
				088F25F82EE50B1300E89167 /* Onboarding */,
				088F25F92EE50B1800E89167 /* Main */,
				088F25FC2EE50B2200E89167 /* Tabs */,
				088F25FD2EE50B2700E89167 /* Components */,
			);
			path = Views;
			sourceTree = "<group>";
		};
		088F25F02EE50AAE00E89167 /* ViewModels */ = {
			isa = PBXGroup;
			children = (
				088F260E2EE50D4200E89167 /* Onboarding */,
			);
			path = ViewModels;
			sourceTree = "<group>";
		};
		088F25F12EE50AD400E89167 /* Core */ = {
			isa = PBXGroup;
			children = (
				088F25F22EE50AEB00E89167 /* Extensions */,
				088F25F32EE50AEF00E89167 /* Constants */,
				088F25F42EE50AF400E89167 /* Utils */,
			);
			path = Core;
			sourceTree = "<group>";
		};
		088F25F22EE50AEB00E89167 /* Extensions */ = {
			isa = PBXGroup;
			children = (
				083369DA2EE57F1D003B2FEF /* String+Validation.swift */,
			);
			path = Extensions;
			sourceTree = "<group>";
		};
		088F25F32EE50AEF00E89167 /* Constants */ = {
			isa = PBXGroup;
			children = (
			);
			path = Constants;
			sourceTree = "<group>";
		};
		088F25F42EE50AF400E89167 /* Utils */ = {
			isa = PBXGroup;
			children = (
			);
			path = Utils;
			sourceTree = "<group>";
		};
		088F25F52EE50AFC00E89167 /* Models */ = {
			isa = PBXGroup;
			children = (
				088F26072EE50D2500E89167 /* Onboarding */,
			);
			path = Models;
			sourceTree = "<group>";
		};
		088F25F62EE50B0200E89167 /* Services */ = {
			isa = PBXGroup;
			children = (
			);
			path = Services;
			sourceTree = "<group>";
		};
		088F25F72EE50B0E00E89167 /* Authentication */ = {
			isa = PBXGroup;
			children = (
			);
			path = Authentication;
			sourceTree = "<group>";
		};
		088F25F82EE50B1300E89167 /* Onboarding */ = {
			isa = PBXGroup;
			children = (
				088F26112EE510E300E89167 /* SplashScreenView.swift */,
				088F260A2EE50D3900E89167 /* SurveyView.swift */,
				088F260B2EE50D3900E89167 /* SurveyOptionRow.swift */,
			);
			path = Onboarding;
			sourceTree = "<group>";
		};
		088F25F92EE50B1800E89167 /* Main */ = {
			isa = PBXGroup;
			children = (
			);
			path = Main;
			sourceTree = "<group>";
		};
		088F25FC2EE50B2200E89167 /* Tabs */ = {
			isa = PBXGroup;
			children = (
				088F25FE2EE50B2F00E89167 /* Search */,
				088F25FF2EE50B3600E89167 /* Learn */,
				088F26002EE50B3A00E89167 /* Review */,
				088F26012EE50B3D00E89167 /* Forum */,
				088F26022EE50B4000E89167 /* Setting */,
			);
			path = Tabs;
			sourceTree = "<group>";
		};
		088F25FD2EE50B2700E89167 /* Components */ = {
			isa = PBXGroup;
			children = (
			);
			path = Components;
			sourceTree = "<group>";
		};
		088F25FE2EE50B2F00E89167 /* Search */ = {
			isa = PBXGroup;
			children = (
			);
			path = Search;
			sourceTree = "<group>";
		};
		088F25FF2EE50B3600E89167 /* Learn */ = {
			isa = PBXGroup;
			children = (
			);
			path = Learn;
			sourceTree = "<group>";
		};
		088F26002EE50B3A00E89167 /* Review */ = {
			isa = PBXGroup;
			children = (
			);
			path = Review;
			sourceTree = "<group>";
		};
		088F26012EE50B3D00E89167 /* Forum */ = {
			isa = PBXGroup;
			children = (
			);
			path = Forum;
			sourceTree = "<group>";
		};
		088F26022EE50B4000E89167 /* Setting */ = {
			isa = PBXGroup;
			children = (
			);
			path = Setting;
			sourceTree = "<group>";
		};
		088F26072EE50D2500E89167 /* Onboarding */ = {
			isa = PBXGroup;
			children = (
				088F26082EE50D3100E89167 /* SurveyModel.swift */,
			);
			path = Onboarding;
			sourceTree = "<group>";
		};
		088F260E2EE50D4200E89167 /* Onboarding */ = {
			isa = PBXGroup;
			children = (
				088F260F2EE50D4700E89167 /* SurveyViewModel.swift */,
			);
			path = Onboarding;
			sourceTree = "<group>";
		};
/* End PBXGroup section */

/* Begin PBXNativeTarget section */
		088F25D32EE50A4200E89167 /* Project2_MI3390_20251 */ = {
			isa = PBXNativeTarget;
			buildConfigurationList = 088F25E12EE50A4300E89167 /* Build configuration list for PBXNativeTarget "Project2_MI3390_20251" */;
			buildPhases = (
				088F25D02EE50A4200E89167 /* Sources */,
				088F25D12EE50A4200E89167 /* Frameworks */,
				088F25D22EE50A4200E89167 /* Resources */,
			);
			buildRules = (
			);
			dependencies = (
			);
			name = Project2_MI3390_20251;
			packageProductDependencies = (
			);
			productName = Project2_MI3390_20251;
			productReference = 088F25D42EE50A4200E89167 /* Project2_MI3390_20251.app */;
			productType = "com.apple.product-type.application";
		};
/* End PBXNativeTarget section */

/* Begin PBXProject section */
		088F25CC2EE50A4200E89167 /* Project object */ = {
			isa = PBXProject;
			attributes = {
				BuildIndependentTargetsInParallel = 1;
				LastSwiftUpdateCheck = 2610;
				LastUpgradeCheck = 2610;
				TargetAttributes = {
					088F25D32EE50A4200E89167 = {
						CreatedOnToolsVersion = 26.1.1;
					};
				};
			};
			buildConfigurationList = 088F25CF2EE50A4200E89167 /* Build configuration list for PBXProject "Project2_MI3390_20251" */;
			developmentRegion = en;
			hasScannedForEncodings = 0;
			knownRegions = (
				en,
				Base,
			);
			mainGroup = 088F25CB2EE50A4200E89167;
			minimizedProjectReferenceProxies = 1;
			preferredProjectObjectVersion = 77;
			productRefGroup = 088F25D52EE50A4200E89167 /* Products */;
			projectDirPath = "";
			projectRoot = "";
			targets = (
				088F25D32EE50A4200E89167 /* Project2_MI3390_20251 */,
			);
		};
/* End PBXProject section */

/* Begin PBXResourcesBuildPhase section */
		088F25D22EE50A4200E89167 /* Resources */ = {
			isa = PBXResourcesBuildPhase;
			buildActionMask = 2147483647;
			files = (
				088F26062EE50C0900E89167 /* .gitignore in Resources */,
				088F25E92EE50A8000E89167 /* Assets.xcassets in Resources */,
			);
			runOnlyForDeploymentPostprocessing = 0;
		};
/* End PBXResourcesBuildPhase section */

/* Begin PBXSourcesBuildPhase section */
		088F25D02EE50A4200E89167 /* Sources */ = {
			isa = PBXSourcesBuildPhase;
			buildActionMask = 2147483647;
			files = (
				088F26102EE50D4700E89167 /* SurveyViewModel.swift in Sources */,
				083369DB2EE57F1D003B2FEF /* String+Validation.swift in Sources */,
				088F25EA2EE50A8000E89167 /* ContentView.swift in Sources */,
				088F260C2EE50D3900E89167 /* SurveyView.swift in Sources */,
				088F260D2EE50D3900E89167 /* SurveyOptionRow.swift in Sources */,
				088F25EB2EE50A8000E89167 /* Item.swift in Sources */,
				088F26142EE5113C00E89167 /* RootView.swift in Sources */,
				088F25EC2EE50A8000E89167 /* Project2_MI3390_20251App.swift in Sources */,
				088F26092EE50D3100E89167 /* SurveyModel.swift in Sources */,
				088F26122EE510E300E89167 /* SplashScreenView.swift in Sources */,
			);
			runOnlyForDeploymentPostprocessing = 0;
		};
/* End PBXSourcesBuildPhase section */

/* Begin XCBuildConfiguration section */
		088F25DF2EE50A4300E89167 /* Debug */ = {
			isa = XCBuildConfiguration;
			buildSettings = {
				ALWAYS_SEARCH_USER_PATHS = NO;
				ASSETCATALOG_COMPILER_GENERATE_SWIFT_ASSET_SYMBOL_EXTENSIONS = YES;
				CLANG_ANALYZER_NONNULL = YES;
				CLANG_ANALYZER_NUMBER_OBJECT_CONVERSION = YES_AGGRESSIVE;
				CLANG_CXX_LANGUAGE_STANDARD = "gnu++20";
				CLANG_ENABLE_MODULES = YES;
				CLANG_ENABLE_OBJC_ARC = YES;
				CLANG_ENABLE_OBJC_WEAK = YES;
				CLANG_WARN_BLOCK_CAPTURE_AUTORELEASING = YES;
				CLANG_WARN_BOOL_CONVERSION = YES;
				CLANG_WARN_COMMA = YES;
				CLANG_WARN_CONSTANT_CONVERSION = YES;
				CLANG_WARN_DEPRECATED_OBJC_IMPLEMENTATIONS = YES;
				CLANG_WARN_DIRECT_OBJC_ISA_USAGE = YES_ERROR;
				CLANG_WARN_DOCUMENTATION_COMMENTS = YES;
				CLANG_WARN_EMPTY_BODY = YES;
				CLANG_WARN_ENUM_CONVERSION = YES;
				CLANG_WARN_INFINITE_RECURSION = YES;
				CLANG_WARN_INT_CONVERSION = YES;
				CLANG_WARN_NON_LITERAL_NULL_CONVERSION = YES;
				CLANG_WARN_OBJC_IMPLICIT_RETAIN_SELF = YES;
				CLANG_WARN_OBJC_LITERAL_CONVERSION = YES;
				CLANG_WARN_OBJC_ROOT_CLASS = YES_ERROR;
				CLANG_WARN_QUOTED_INCLUDE_IN_FRAMEWORK_HEADER = YES;
				CLANG_WARN_RANGE_LOOP_ANALYSIS = YES;
				CLANG_WARN_STRICT_PROTOTYPES = YES;
				CLANG_WARN_SUSPICIOUS_MOVE = YES;
				CLANG_WARN_UNGUARDED_AVAILABILITY = YES_AGGRESSIVE;
				CLANG_WARN_UNREACHABLE_CODE = YES;
				CLANG_WARN__DUPLICATE_METHOD_MATCH = YES;
				COPY_PHASE_STRIP = NO;
				DEBUG_INFORMATION_FORMAT = dwarf;
				DEVELOPMENT_TEAM = WT5PJGD97N;
				ENABLE_STRICT_OBJC_MSGSEND = YES;
				ENABLE_TESTABILITY = YES;
				ENABLE_USER_SCRIPT_SANDBOXING = YES;
				GCC_C_LANGUAGE_STANDARD = gnu17;
				GCC_DYNAMIC_NO_PIC = NO;
				GCC_NO_COMMON_BLOCKS = YES;
				GCC_OPTIMIZATION_LEVEL = 0;
				GCC_PREPROCESSOR_DEFINITIONS = (
					"DEBUG=1",
					"$(inherited)",
				);
				GCC_WARN_64_TO_32_BIT_CONVERSION = YES;
				GCC_WARN_ABOUT_RETURN_TYPE = YES_ERROR;
				GCC_WARN_UNDECLARED_SELECTOR = YES;
				GCC_WARN_UNINITIALIZED_AUTOS = YES_AGGRESSIVE;
				GCC_WARN_UNUSED_FUNCTION = YES;
				GCC_WARN_UNUSED_VARIABLE = YES;
				IPHONEOS_DEPLOYMENT_TARGET = 26.1;
				LOCALIZATION_PREFERS_STRING_CATALOGS = YES;
				MTL_ENABLE_DEBUG_INFO = INCLUDE_SOURCE;
				MTL_FAST_MATH = YES;
				ONLY_ACTIVE_ARCH = YES;
				SDKROOT = iphoneos;
				SWIFT_ACTIVE_COMPILATION_CONDITIONS = "DEBUG $(inherited)";
				SWIFT_OPTIMIZATION_LEVEL = "-Onone";
			};
			name = Debug;
		};
		088F25E02EE50A4300E89167 /* Release */ = {
			isa = XCBuildConfiguration;
			buildSettings = {
				ALWAYS_SEARCH_USER_PATHS = NO;
				ASSETCATALOG_COMPILER_GENERATE_SWIFT_ASSET_SYMBOL_EXTENSIONS = YES;
				CLANG_ANALYZER_NONNULL = YES;
				CLANG_ANALYZER_NUMBER_OBJECT_CONVERSION = YES_AGGRESSIVE;
				CLANG_CXX_LANGUAGE_STANDARD = "gnu++20";
				CLANG_ENABLE_MODULES = YES;
				CLANG_ENABLE_OBJC_ARC = YES;
				CLANG_ENABLE_OBJC_WEAK = YES;
				CLANG_WARN_BLOCK_CAPTURE_AUTORELEASING = YES;
				CLANG_WARN_BOOL_CONVERSION = YES;
				CLANG_WARN_COMMA = YES;
				CLANG_WARN_CONSTANT_CONVERSION = YES;
				CLANG_WARN_DEPRECATED_OBJC_IMPLEMENTATIONS = YES;
				CLANG_WARN_DIRECT_OBJC_ISA_USAGE = YES_ERROR;
				CLANG_WARN_DOCUMENTATION_COMMENTS = YES;
				CLANG_WARN_EMPTY_BODY = YES;
				CLANG_WARN_ENUM_CONVERSION = YES;
				CLANG_WARN_INFINITE_RECURSION = YES;
				CLANG_WARN_INT_CONVERSION = YES;
				CLANG_WARN_NON_LITERAL_NULL_CONVERSION = YES;
				CLANG_WARN_OBJC_IMPLICIT_RETAIN_SELF = YES;
				CLANG_WARN_OBJC_LITERAL_CONVERSION = YES;
				CLANG_WARN_OBJC_ROOT_CLASS = YES_ERROR;
				CLANG_WARN_QUOTED_INCLUDE_IN_FRAMEWORK_HEADER = YES;
				CLANG_WARN_RANGE_LOOP_ANALYSIS = YES;
				CLANG_WARN_STRICT_PROTOTYPES = YES;
				CLANG_WARN_SUSPICIOUS_MOVE = YES;
				CLANG_WARN_UNGUARDED_AVAILABILITY = YES_AGGRESSIVE;
				CLANG_WARN_UNREACHABLE_CODE = YES;
				CLANG_WARN__DUPLICATE_METHOD_MATCH = YES;
				COPY_PHASE_STRIP = NO;
				DEBUG_INFORMATION_FORMAT = "dwarf-with-dsym";
				DEVELOPMENT_TEAM = WT5PJGD97N;
				ENABLE_NS_ASSERTIONS = NO;
				ENABLE_STRICT_OBJC_MSGSEND = YES;
				ENABLE_USER_SCRIPT_SANDBOXING = YES;
				GCC_C_LANGUAGE_STANDARD = gnu17;
				GCC_NO_COMMON_BLOCKS = YES;
				GCC_WARN_64_TO_32_BIT_CONVERSION = YES;
				GCC_WARN_ABOUT_RETURN_TYPE = YES_ERROR;
				GCC_WARN_UNDECLARED_SELECTOR = YES;
				GCC_WARN_UNINITIALIZED_AUTOS = YES_AGGRESSIVE;
				GCC_WARN_UNUSED_FUNCTION = YES;
				GCC_WARN_UNUSED_VARIABLE = YES;
				IPHONEOS_DEPLOYMENT_TARGET = 26.1;
				LOCALIZATION_PREFERS_STRING_CATALOGS = YES;
				MTL_ENABLE_DEBUG_INFO = NO;
				MTL_FAST_MATH = YES;
				SDKROOT = iphoneos;
				SWIFT_COMPILATION_MODE = wholemodule;
				VALIDATE_PRODUCT = YES;
			};
			name = Release;
		};
		088F25E22EE50A4300E89167 /* Debug */ = {
			isa = XCBuildConfiguration;
			buildSettings = {
				ASSETCATALOG_COMPILER_APPICON_NAME = AppIcon;
				ASSETCATALOG_COMPILER_GLOBAL_ACCENT_COLOR_NAME = AccentColor;
				CODE_SIGN_STYLE = Automatic;
				CURRENT_PROJECT_VERSION = 1;
				DEVELOPMENT_TEAM = WT5PJGD97N;
				ENABLE_PREVIEWS = YES;
				GENERATE_INFOPLIST_FILE = YES;
				INFOPLIST_KEY_CFBundleDisplayName = CapyVocab;
				INFOPLIST_KEY_UIApplicationSceneManifest_Generation = YES;
				INFOPLIST_KEY_UIApplicationSupportsIndirectInputEvents = YES;
				INFOPLIST_KEY_UILaunchScreen_Generation = YES;
				INFOPLIST_KEY_UISupportedInterfaceOrientations_iPad = "UIInterfaceOrientationPortrait UIInterfaceOrientationPortraitUpsideDown UIInterfaceOrientationLandscapeLeft UIInterfaceOrientationLandscapeRight";
				INFOPLIST_KEY_UISupportedInterfaceOrientations_iPhone = "UIInterfaceOrientationPortrait UIInterfaceOrientationLandscapeLeft UIInterfaceOrientationLandscapeRight";
				LD_RUNPATH_SEARCH_PATHS = (
					"$(inherited)",
					"@executable_path/Frameworks",
				);
				MARKETING_VERSION = 1.0;
				PRODUCT_BUNDLE_IDENTIFIER = "quanganh2405.Project2-MI3390-20251";
				PRODUCT_NAME = "$(TARGET_NAME)";
				STRING_CATALOG_GENERATE_SYMBOLS = YES;
				SUPPORTED_PLATFORMS = "iphoneos iphonesimulator";
				SUPPORTS_MACCATALYST = NO;
				SUPPORTS_XR_DESIGNED_FOR_IPHONE_IPAD = NO;
				SWIFT_APPROACHABLE_CONCURRENCY = YES;
				SWIFT_DEFAULT_ACTOR_ISOLATION = MainActor;
				SWIFT_EMIT_LOC_STRINGS = YES;
				SWIFT_UPCOMING_FEATURE_MEMBER_IMPORT_VISIBILITY = YES;
				SWIFT_VERSION = 5.0;
				TARGETED_DEVICE_FAMILY = "1,2";
			};
			name = Debug;
		};
		088F25E32EE50A4300E89167 /* Release */ = {
			isa = XCBuildConfiguration;
			buildSettings = {
				ASSETCATALOG_COMPILER_APPICON_NAME = AppIcon;
				ASSETCATALOG_COMPILER_GLOBAL_ACCENT_COLOR_NAME = AccentColor;
				CODE_SIGN_STYLE = Automatic;
				CURRENT_PROJECT_VERSION = 1;
				DEVELOPMENT_TEAM = WT5PJGD97N;
				ENABLE_PREVIEWS = YES;
				GENERATE_INFOPLIST_FILE = YES;
				INFOPLIST_KEY_CFBundleDisplayName = CapyVocab;
				INFOPLIST_KEY_UIApplicationSceneManifest_Generation = YES;
				INFOPLIST_KEY_UIApplicationSupportsIndirectInputEvents = YES;
				INFOPLIST_KEY_UILaunchScreen_Generation = YES;
				INFOPLIST_KEY_UISupportedInterfaceOrientations_iPad = "UIInterfaceOrientationPortrait UIInterfaceOrientationPortraitUpsideDown UIInterfaceOrientationLandscapeLeft UIInterfaceOrientationLandscapeRight";
				INFOPLIST_KEY_UISupportedInterfaceOrientations_iPhone = "UIInterfaceOrientationPortrait UIInterfaceOrientationLandscapeLeft UIInterfaceOrientationLandscapeRight";
				LD_RUNPATH_SEARCH_PATHS = (
					"$(inherited)",
					"@executable_path/Frameworks",
				);
				MARKETING_VERSION = 1.0;
				PRODUCT_BUNDLE_IDENTIFIER = "quanganh2405.Project2-MI3390-20251";
				PRODUCT_NAME = "$(TARGET_NAME)";
				STRING_CATALOG_GENERATE_SYMBOLS = YES;
				SUPPORTED_PLATFORMS = "iphoneos iphonesimulator";
				SUPPORTS_MACCATALYST = NO;
				SUPPORTS_XR_DESIGNED_FOR_IPHONE_IPAD = NO;
				SWIFT_APPROACHABLE_CONCURRENCY = YES;
				SWIFT_DEFAULT_ACTOR_ISOLATION = MainActor;
				SWIFT_EMIT_LOC_STRINGS = YES;
				SWIFT_UPCOMING_FEATURE_MEMBER_IMPORT_VISIBILITY = YES;
				SWIFT_VERSION = 5.0;
				TARGETED_DEVICE_FAMILY = "1,2";
			};
			name = Release;
		};
/* End XCBuildConfiguration section */

/* Begin XCConfigurationList section */
		088F25CF2EE50A4200E89167 /* Build configuration list for PBXProject "Project2_MI3390_20251" */ = {
			isa = XCConfigurationList;
			buildConfigurations = (
				088F25DF2EE50A4300E89167 /* Debug */,
				088F25E02EE50A4300E89167 /* Release */,
			);
			defaultConfigurationIsVisible = 0;
			defaultConfigurationName = Release;
		};
		088F25E12EE50A4300E89167 /* Build configuration list for PBXNativeTarget "Project2_MI3390_20251" */ = {
			isa = XCConfigurationList;
			buildConfigurations = (
				088F25E22EE50A4300E89167 /* Debug */,
				088F25E32EE50A4300E89167 /* Release */,
			);
			defaultConfigurationIsVisible = 0;
			defaultConfigurationName = Release;
		};
/* End XCConfigurationList section */
	};
	rootObject = 088F25CC2EE50A4200E89167 /* Project object */;
}
